Microsoft Visual Studio Solution File, Format Version 12.00
# Visual Studio Version 17
VisualStudioVersion = 17.5.2.0
MinimumVisualStudioVersion = 10.0.40219.1
Project("{FAE04EC0-301F-11D3-BF4B-00C04F79EFBC}") = "apbd_cw1_git_s26694", "apbd_cw1_git_s26694.csproj", "{DFC283D3-1C39-DFA0-2440-619C09628D8A}"
EndProject
Global
	GlobalSection(SolutionConfigurationPlatforms) = preSolution
		Debug|Any CPU = Debug|Any CPU
		Release|Any CPU = Release|Any CPU
	EndGlobalSection
	GlobalSection(ProjectConfigurationPlatforms) = postSolution
		{DFC283D3-1C39-DFA0-2440-619C09628D8A}.Debug|Any CPU.ActiveCfg = Debug|Any CPU
		{DFC283D3-1C39-DFA0-2440-619C09628D8A}.Debug|Any CPU.Build.0 = Debug|Any CPU
		{DFC283D3-1C39-DFA0-2440-619C09628D8A}.Release|Any CPU.ActiveCfg = Release|Any CPU
		{DFC283D3-1C39-DFA0-2440-619C09628D8A}.Release|Any CPU.Build.0 = Release|Any CPU
	EndGlobalSection
	GlobalSection(SolutionProperties) = preSolution
		HideSolutionNode = FALSE
	EndGlobalSection
	GlobalSection(ExtensibilityGlobals) = postSolution
		SolutionGuid = {C84324D1-8560-4C81-8BE8-830AC57CE968}
	EndGlobalSection
EndGlobal
